
Microsoft Visual Studio Solution File, Format Version 12.00
# Visual Studio 15
VisualStudioVersion = 15.0.28010.2026
MinimumVisualStudioVersion = 10.0.40219.1
Project("{FAE04EC0-301F-11D3-BF4B-00C04F79EFBC}") = "SelectionSolution", "SelectionSolution.csproj", "{ACE2EE9A-4FE1-4B2D-A91F-1B02C12699D8}"
EndProject
Global
	GlobalSection(SolutionConfigurationPlatforms) = preSolution
		Debug|Any CPU = Debug|Any CPU
		Release|Any CPU = Release|Any CPU
	EndGlobalSection
	GlobalSection(ProjectConfigurationPlatforms) = postSolution
		{ACE2EE9A-4FE1-4B2D-A91F-1B02C12699D8}.Debug|Any CPU.ActiveCfg = Debug|Any CPU
		{ACE2EE9A-4FE1-4B2D-A91F-1B02C12699D8}.Debug|Any CPU.Build.0 = Debug|Any CPU
		{ACE2EE9A-4FE1-4B2D-A91F-1B02C12699D8}.Release|Any CPU.ActiveCfg = Release|Any CPU
		{ACE2EE9A-4FE1-4B2D-A91F-1B02C12699D8}.Release|Any CPU.Build.0 = Release|Any CPU
	EndGlobalSection
	GlobalSection(SolutionProperties) = preSolution
		HideSolutionNode = FALSE
	EndGlobalSection
	GlobalSection(ExtensibilityGlobals) = postSolution
		SolutionGuid = {C4EF7882-4439-4288-8B77-FDAAEE7EDC9D}
	EndGlobalSection
EndGlobal
